
Microsoft Visual Studio Solution File, Format Version 12.00
# Visual Studio Version 17
VisualStudioVersion = 17.9.34728.123
MinimumVisualStudioVersion = 10.0.40219.1
Project("{9A19103F-16F7-4668-BE54-9A1E7A4F7556}") = "Zafiro.Nuke", "Zafiro.Nuke\Zafiro.Nuke.csproj", "{8315CD34-AC2D-4146-AF8C-22BFFC4BFE23}"
EndProject
Project("{9A19103F-16F7-4668-BE54-9A1E7A4F7556}") = "_build", "build\_build.csproj", "{23395C53-5A41-41F9-9A6E-5E4914B8F0D9}"
EndProject
Global
	GlobalSection(SolutionConfigurationPlatforms) = preSolution
		Debug|Any CPU = Debug|Any CPU
		Release|Any CPU = Release|Any CPU
	EndGlobalSection
	GlobalSection(ProjectConfigurationPlatforms) = postSolution
		{8315CD34-AC2D-4146-AF8C-22BFFC4BFE23}.Debug|Any CPU.ActiveCfg = Debug|Any CPU
		{8315CD34-AC2D-4146-AF8C-22BFFC4BFE23}.Debug|Any CPU.Build.0 = Debug|Any CPU
		{8315CD34-AC2D-4146-AF8C-22BFFC4BFE23}.Release|Any CPU.ActiveCfg = Release|Any CPU
		{8315CD34-AC2D-4146-AF8C-22BFFC4BFE23}.Release|Any CPU.Build.0 = Release|Any CPU
		{23395C53-5A41-41F9-9A6E-5E4914B8F0D9}.Debug|Any CPU.ActiveCfg = Debug|Any CPU
		{23395C53-5A41-41F9-9A6E-5E4914B8F0D9}.Release|Any CPU.ActiveCfg = Release|Any CPU
	EndGlobalSection
	GlobalSection(SolutionProperties) = preSolution
		HideSolutionNode = FALSE
	EndGlobalSection
	GlobalSection(ExtensibilityGlobals) = postSolution
		SolutionGuid = {9DB63378-5FBF-4F76-BD3C-3414230458C9}
	EndGlobalSection
EndGlobal
